
Microsoft Visual Studio Solution File, Format Version 12.00
# Visual Studio 14
VisualStudioVersion = 14.0.25420.1
MinimumVisualStudioVersion = 10.0.40219.1
Project("{FAE04EC0-301F-11D3-BF4B-00C04F79EFBC}") = "Store.Api", "Store.Api\Store.Api.csproj", "{AD09156D-6C2F-44B2-89AF-8B6510CA7A38}"
EndProject
Project("{FAE04EC0-301F-11D3-BF4B-00C04F79EFBC}") = "Store.Api.Tests", "Store.Api.Tests\Store.Api.Tests.csproj", "{C95C00F1-7265-4655-B36B-B5CA0E4C438F}"
EndProject
Project("{FAE04EC0-301F-11D3-BF4B-00C04F79EFBC}") = "Store.DAL", "Store.DAL\Store.DAL.csproj", "{3E94D1AF-3539-4F23-B1C1-637D2284A5DE}"
EndProject
Project("{FAE04EC0-301F-11D3-BF4B-00C04F79EFBC}") = "Store.BL", "Store.BL\Store.BL.csproj", "{859694CC-77E5-4278-96F6-F915938289A5}"
EndProject
Project("{FAE04EC0-301F-11D3-BF4B-00C04F79EFBC}") = "Store.Identity", "Store.Identity\Store.Identity.csproj", "{870E0F0C-A9D6-406F-BACA-C778120C3276}"
EndProject
Project("{E24C65DC-7377-472B-9ABA-BC803B73C61A}") = "Store.Site", "Store.Site\", "{5C22470B-FA9B-405A-B29D-C678BB59CA03}"
	ProjectSection(WebsiteProperties) = preProject
		TargetFrameworkMoniker = ".NETFramework,Version%3Dv4.6.1"
		Debug.AspNetCompiler.VirtualPath = "/localhost_52226"
		Debug.AspNetCompiler.PhysicalPath = "Store.Site\"
		Debug.AspNetCompiler.TargetPath = "PrecompiledWeb\localhost_52226\"
		Debug.AspNetCompiler.Updateable = "true"
		Debug.AspNetCompiler.ForceOverwrite = "true"
		Debug.AspNetCompiler.FixedNames = "false"
		Debug.AspNetCompiler.Debug = "True"
		Release.AspNetCompiler.VirtualPath = "/localhost_52226"
		Release.AspNetCompiler.PhysicalPath = "Store.Site\"
		Release.AspNetCompiler.TargetPath = "PrecompiledWeb\localhost_52226\"
		Release.AspNetCompiler.Updateable = "true"
		Release.AspNetCompiler.ForceOverwrite = "true"
		Release.AspNetCompiler.FixedNames = "false"
		Release.AspNetCompiler.Debug = "False"
		VWDPort = "52226"
		SlnRelativePath = "Store.Site\"
	EndProjectSection
EndProject
Project("{FAE04EC0-301F-11D3-BF4B-00C04F79EFBC}") = "Store.PaypalRest", "Store.PayPal\Store.PaypalRest.csproj", "{CCDCFCD1-915F-40DE-97B0-2D7C98CD8960}"
EndProject
Global
	GlobalSection(SolutionConfigurationPlatforms) = preSolution
		Debug|Any CPU = Debug|Any CPU
		Release|Any CPU = Release|Any CPU
	EndGlobalSection
	GlobalSection(ProjectConfigurationPlatforms) = postSolution
		{AD09156D-6C2F-44B2-89AF-8B6510CA7A38}.Debug|Any CPU.ActiveCfg = Debug|Any CPU
		{AD09156D-6C2F-44B2-89AF-8B6510CA7A38}.Debug|Any CPU.Build.0 = Debug|Any CPU
		{AD09156D-6C2F-44B2-89AF-8B6510CA7A38}.Release|Any CPU.ActiveCfg = Release|Any CPU
		{AD09156D-6C2F-44B2-89AF-8B6510CA7A38}.Release|Any CPU.Build.0 = Release|Any CPU
		{C95C00F1-7265-4655-B36B-B5CA0E4C438F}.Debug|Any CPU.ActiveCfg = Debug|Any CPU
		{C95C00F1-7265-4655-B36B-B5CA0E4C438F}.Debug|Any CPU.Build.0 = Debug|Any CPU
		{C95C00F1-7265-4655-B36B-B5CA0E4C438F}.Release|Any CPU.ActiveCfg = Release|Any CPU
		{C95C00F1-7265-4655-B36B-B5CA0E4C438F}.Release|Any CPU.Build.0 = Release|Any CPU
		{3E94D1AF-3539-4F23-B1C1-637D2284A5DE}.Debug|Any CPU.ActiveCfg = Debug|Any CPU
		{3E94D1AF-3539-4F23-B1C1-637D2284A5DE}.Debug|Any CPU.Build.0 = Debug|Any CPU
		{3E94D1AF-3539-4F23-B1C1-637D2284A5DE}.Release|Any CPU.ActiveCfg = Release|Any CPU
		{3E94D1AF-3539-4F23-B1C1-637D2284A5DE}.Release|Any CPU.Build.0 = Release|Any CPU
		{859694CC-77E5-4278-96F6-F915938289A5}.Debug|Any CPU.ActiveCfg = Debug|Any CPU
		{859694CC-77E5-4278-96F6-F915938289A5}.Debug|Any CPU.Build.0 = Debug|Any CPU
		{859694CC-77E5-4278-96F6-F915938289A5}.Release|Any CPU.ActiveCfg = Release|Any CPU
		{859694CC-77E5-4278-96F6-F915938289A5}.Release|Any CPU.Build.0 = Release|Any CPU
		{870E0F0C-A9D6-406F-BACA-C778120C3276}.Debug|Any CPU.ActiveCfg = Debug|Any CPU
		{870E0F0C-A9D6-406F-BACA-C778120C3276}.Debug|Any CPU.Build.0 = Debug|Any CPU
		{870E0F0C-A9D6-406F-BACA-C778120C3276}.Release|Any CPU.ActiveCfg = Release|Any CPU
		{870E0F0C-A9D6-406F-BACA-C778120C3276}.Release|Any CPU.Build.0 = Release|Any CPU
		{5C22470B-FA9B-405A-B29D-C678BB59CA03}.Debug|Any CPU.ActiveCfg = Debug|Any CPU
		{5C22470B-FA9B-405A-B29D-C678BB59CA03}.Debug|Any CPU.Build.0 = Debug|Any CPU
		{5C22470B-FA9B-405A-B29D-C678BB59CA03}.Release|Any CPU.ActiveCfg = Debug|Any CPU
		{5C22470B-FA9B-405A-B29D-C678BB59CA03}.Release|Any CPU.Build.0 = Debug|Any CPU
		{CCDCFCD1-915F-40DE-97B0-2D7C98CD8960}.Debug|Any CPU.ActiveCfg = Debug|Any CPU
		{CCDCFCD1-915F-40DE-97B0-2D7C98CD8960}.Debug|Any CPU.Build.0 = Debug|Any CPU
		{CCDCFCD1-915F-40DE-97B0-2D7C98CD8960}.Release|Any CPU.ActiveCfg = Release|Any CPU
		{CCDCFCD1-915F-40DE-97B0-2D7C98CD8960}.Release|Any CPU.Build.0 = Release|Any CPU
	EndGlobalSection
	GlobalSection(SolutionProperties) = preSolution
		HideSolutionNode = FALSE
	EndGlobalSection
EndGlobal
